// !$*UTF8*$!
{
	archiveVersion = 1;
	classes = {
	};
	objectVersion = 50;
	objects = {

/* Begin PBXBuildFile section */
		84213E22264087AE00B6FCB2 /* AddressParameters.swift in Sources */ = {isa = PBXBuildFile; fileRef = 84213E21264087AE00B6FCB2 /* AddressParameters.swift */; };
		8425999B26415B07005507F4 /* BaseSocket.swift in Sources */ = {isa = PBXBuildFile; fileRef = 8425999A26415B07005507F4 /* BaseSocket.swift */; };
		84421FC2263C204100822ECA /* BSDSocketWrapper.framework in Frameworks */ = {isa = PBXBuildFile; fileRef = 84421FB8263C204000822ECA /* BSDSocketWrapper.framework */; };
		84421FC7263C204100822ECA /* BSDSocketWrapperTests.swift in Sources */ = {isa = PBXBuildFile; fileRef = 84421FC6263C204100822ECA /* BSDSocketWrapperTests.swift */; };
		84421FC9263C204100822ECA /* BSDSocketWrapper.h in Headers */ = {isa = PBXBuildFile; fileRef = 84421FBB263C204000822ECA /* BSDSocketWrapper.h */; settings = {ATTRIBUTES = (Public, ); }; };
		84421FD9263C228600822ECA /* Socket.swift in Sources */ = {isa = PBXBuildFile; fileRef = 84421FD8263C228600822ECA /* Socket.swift */; };
		8443589726432E3D009CE861 /* ServerSocket.swift in Sources */ = {isa = PBXBuildFile; fileRef = 8443589626432E3D009CE861 /* ServerSocket.swift */; };
		8443589B26434A6D009CE861 /* ClientSocket.swift in Sources */ = {isa = PBXBuildFile; fileRef = 8443589A26434A6D009CE861 /* ClientSocket.swift */; };
		847D8EEF264292740082FFF5 /* SocketAddress.swift in Sources */ = {isa = PBXBuildFile; fileRef = 847D8EEE264292740082FFF5 /* SocketAddress.swift */; };
		848B2838263D9D0A005D1E35 /* AddressInfo.swift in Sources */ = {isa = PBXBuildFile; fileRef = 848B2837263D9D0A005D1E35 /* AddressInfo.swift */; };
		84FD09E92657F92F00C85A0A /* BSDSocketWrapperMac.h in Headers */ = {isa = PBXBuildFile; fileRef = 84FD09E72657F92F00C85A0A /* BSDSocketWrapperMac.h */; settings = {ATTRIBUTES = (Public, ); }; };
		84FD09F02657F95600C85A0A /* BaseSocket.swift in Sources */ = {isa = PBXBuildFile; fileRef = 8425999A26415B07005507F4 /* BaseSocket.swift */; };
		84FD09F12657F95600C85A0A /* ClientSocket.swift in Sources */ = {isa = PBXBuildFile; fileRef = 8443589A26434A6D009CE861 /* ClientSocket.swift */; };
		84FD09F22657F95600C85A0A /* AddressParameters.swift in Sources */ = {isa = PBXBuildFile; fileRef = 84213E21264087AE00B6FCB2 /* AddressParameters.swift */; };
		84FD09F32657F95600C85A0A /* SocketAddress.swift in Sources */ = {isa = PBXBuildFile; fileRef = 847D8EEE264292740082FFF5 /* SocketAddress.swift */; };
		84FD09F42657F95600C85A0A /* ServerSocket.swift in Sources */ = {isa = PBXBuildFile; fileRef = 8443589626432E3D009CE861 /* ServerSocket.swift */; };
		84FD09F52657F95600C85A0A /* Socket.swift in Sources */ = {isa = PBXBuildFile; fileRef = 84421FD8263C228600822ECA /* Socket.swift */; };
		84FD09F62657F95600C85A0A /* AddressInfo.swift in Sources */ = {isa = PBXBuildFile; fileRef = 848B2837263D9D0A005D1E35 /* AddressInfo.swift */; };
/* End PBXBuildFile section */

/* Begin PBXContainerItemProxy section */
		84421FC3263C204100822ECA /* PBXContainerItemProxy */ = {
			isa = PBXContainerItemProxy;
			containerPortal = 84421FAF263C204000822ECA /* Project object */;
			proxyType = 1;
			remoteGlobalIDString = 84421FB7263C204000822ECA;
			remoteInfo = BSDSocketWrapper;
		};
/* End PBXContainerItemProxy section */

/* Begin PBXFileReference section */
		84213E21264087AE00B6FCB2 /* AddressParameters.swift */ = {isa = PBXFileReference; lastKnownFileType = sourcecode.swift; path = AddressParameters.swift; sourceTree = "<group>"; };
		8425999A26415B07005507F4 /* BaseSocket.swift */ = {isa = PBXFileReference; lastKnownFileType = sourcecode.swift; path = BaseSocket.swift; sourceTree = "<group>"; };
		84421FB8263C204000822ECA /* BSDSocketWrapper.framework */ = {isa = PBXFileReference; explicitFileType = wrapper.framework; includeInIndex = 0; path = BSDSocketWrapper.framework; sourceTree = BUILT_PRODUCTS_DIR; };
		84421FBB263C204000822ECA /* BSDSocketWrapper.h */ = {isa = PBXFileReference; lastKnownFileType = sourcecode.c.h; path = BSDSocketWrapper.h; sourceTree = "<group>"; };
		84421FBC263C204000822ECA /* Info.plist */ = {isa = PBXFileReference; lastKnownFileType = text.plist.xml; path = Info.plist; sourceTree = "<group>"; };
		84421FC1263C204100822ECA /* BSDSocketWrapperTests.xctest */ = {isa = PBXFileReference; explicitFileType = wrapper.cfbundle; includeInIndex = 0; path = BSDSocketWrapperTests.xctest; sourceTree = BUILT_PRODUCTS_DIR; };
		84421FC6263C204100822ECA /* BSDSocketWrapperTests.swift */ = {isa = PBXFileReference; lastKnownFileType = sourcecode.swift; path = BSDSocketWrapperTests.swift; sourceTree = "<group>"; };
		84421FC8263C204100822ECA /* Info.plist */ = {isa = PBXFileReference; lastKnownFileType = text.plist.xml; path = Info.plist; sourceTree = "<group>"; };
		84421FD8263C228600822ECA /* Socket.swift */ = {isa = PBXFileReference; lastKnownFileType = sourcecode.swift; path = Socket.swift; sourceTree = "<group>"; };
		8443589626432E3D009CE861 /* ServerSocket.swift */ = {isa = PBXFileReference; lastKnownFileType = sourcecode.swift; path = ServerSocket.swift; sourceTree = "<group>"; };
		8443589A26434A6D009CE861 /* ClientSocket.swift */ = {isa = PBXFileReference; lastKnownFileType = sourcecode.swift; path = ClientSocket.swift; sourceTree = "<group>"; };
		847D8EEE264292740082FFF5 /* SocketAddress.swift */ = {isa = PBXFileReference; lastKnownFileType = sourcecode.swift; path = SocketAddress.swift; sourceTree = "<group>"; };
		848B2837263D9D0A005D1E35 /* AddressInfo.swift */ = {isa = PBXFileReference; lastKnownFileType = sourcecode.swift; path = AddressInfo.swift; sourceTree = "<group>"; };
		84FD09E52657F92F00C85A0A /* BSDSocketWrapperMac.framework */ = {isa = PBXFileReference; explicitFileType = wrapper.framework; includeInIndex = 0; path = BSDSocketWrapperMac.framework; sourceTree = BUILT_PRODUCTS_DIR; };
		84FD09E72657F92F00C85A0A /* BSDSocketWrapperMac.h */ = {isa = PBXFileReference; lastKnownFileType = sourcecode.c.h; path = BSDSocketWrapperMac.h; sourceTree = "<group>"; };
		84FD09E82657F92F00C85A0A /* Info.plist */ = {isa = PBXFileReference; lastKnownFileType = text.plist.xml; path = Info.plist; sourceTree = "<group>"; };
/* End PBXFileReference section */

/* Begin PBXFrameworksBuildPhase section */
		84421FB5263C204000822ECA /* Frameworks */ = {
			isa = PBXFrameworksBuildPhase;
			buildActionMask = 2147483647;
			files = (
			);
			runOnlyForDeploymentPostprocessing = 0;
		};
		84421FBE263C204100822ECA /* Frameworks */ = {
			isa = PBXFrameworksBuildPhase;
			buildActionMask = 2147483647;
			files = (
				84421FC2263C204100822ECA /* BSDSocketWrapper.framework in Frameworks */,
			);
			runOnlyForDeploymentPostprocessing = 0;
		};
		84FD09E22657F92F00C85A0A /* Frameworks */ = {
			isa = PBXFrameworksBuildPhase;
			buildActionMask = 2147483647;
			files = (
			);
			runOnlyForDeploymentPostprocessing = 0;
		};
/* End PBXFrameworksBuildPhase section */

/* Begin PBXGroup section */
		84421FAE263C204000822ECA = {
			isa = PBXGroup;
			children = (
				84421FBA263C204000822ECA /* BSDSocketWrapper */,
				84421FC5263C204100822ECA /* BSDSocketWrapperTests */,
				84FD09E62657F92F00C85A0A /* BSDSocketWrapperMac */,
				84421FB9263C204000822ECA /* Products */,
			);
			sourceTree = "<group>";
		};
		84421FB9263C204000822ECA /* Products */ = {
			isa = PBXGroup;
			children = (
				84421FB8263C204000822ECA /* BSDSocketWrapper.framework */,
				84421FC1263C204100822ECA /* BSDSocketWrapperTests.xctest */,
				84FD09E52657F92F00C85A0A /* BSDSocketWrapperMac.framework */,
			);
			name = Products;
			sourceTree = "<group>";
		};
		84421FBA263C204000822ECA /* BSDSocketWrapper */ = {
			isa = PBXGroup;
			children = (
				84421FBB263C204000822ECA /* BSDSocketWrapper.h */,
				84421FBC263C204000822ECA /* Info.plist */,
				84421FD8263C228600822ECA /* Socket.swift */,
				848B2837263D9D0A005D1E35 /* AddressInfo.swift */,
				84213E21264087AE00B6FCB2 /* AddressParameters.swift */,
				847D8EEE264292740082FFF5 /* SocketAddress.swift */,
				8425999A26415B07005507F4 /* BaseSocket.swift */,
				8443589626432E3D009CE861 /* ServerSocket.swift */,
				8443589A26434A6D009CE861 /* ClientSocket.swift */,
			);
			path = BSDSocketWrapper;
			sourceTree = "<group>";
		};
		84421FC5263C204100822ECA /* BSDSocketWrapperTests */ = {
			isa = PBXGroup;
			children = (
				84421FC6263C204100822ECA /* BSDSocketWrapperTests.swift */,
				84421FC8263C204100822ECA /* Info.plist */,
			);
			path = BSDSocketWrapperTests;
			sourceTree = "<group>";
		};
		84FD09E62657F92F00C85A0A /* BSDSocketWrapperMac */ = {
			isa = PBXGroup;
			children = (
				84FD09E72657F92F00C85A0A /* BSDSocketWrapperMac.h */,
				84FD09E82657F92F00C85A0A /* Info.plist */,
			);
			path = BSDSocketWrapperMac;
			sourceTree = "<group>";
		};
/* End PBXGroup section */

/* Begin PBXHeadersBuildPhase section */
		84421FB3263C204000822ECA /* Headers */ = {
			isa = PBXHeadersBuildPhase;
			buildActionMask = 2147483647;
			files = (
				84421FC9263C204100822ECA /* BSDSocketWrapper.h in Headers */,
			);
			runOnlyForDeploymentPostprocessing = 0;
		};
		84FD09E02657F92F00C85A0A /* Headers */ = {
			isa = PBXHeadersBuildPhase;
			buildActionMask = 2147483647;
			files = (
				84FD09E92657F92F00C85A0A /* BSDSocketWrapperMac.h in Headers */,
			);
			runOnlyForDeploymentPostprocessing = 0;
		};
/* End PBXHeadersBuildPhase section */

/* Begin PBXNativeTarget section */
		84421FB7263C204000822ECA /* BSDSocketWrapper */ = {
			isa = PBXNativeTarget;
			buildConfigurationList = 84421FCC263C204100822ECA /* Build configuration list for PBXNativeTarget "BSDSocketWrapper" */;
			buildPhases = (
				84421FB3263C204000822ECA /* Headers */,
				84421FB4263C204000822ECA /* Sources */,
				84421FB5263C204000822ECA /* Frameworks */,
				84421FB6263C204000822ECA /* Resources */,
			);
			buildRules = (
			);
			dependencies = (
			);
			name = BSDSocketWrapper;
			productName = BSDSocketWrapper;
			productReference = 84421FB8263C204000822ECA /* BSDSocketWrapper.framework */;
			productType = "com.apple.product-type.framework";
		};
		84421FC0263C204100822ECA /* BSDSocketWrapperTests */ = {
			isa = PBXNativeTarget;
			buildConfigurationList = 84421FCF263C204100822ECA /* Build configuration list for PBXNativeTarget "BSDSocketWrapperTests" */;
			buildPhases = (
				84421FBD263C204100822ECA /* Sources */,
				84421FBE263C204100822ECA /* Frameworks */,
				84421FBF263C204100822ECA /* Resources */,
			);
			buildRules = (
			);
			dependencies = (
				84421FC4263C204100822ECA /* PBXTargetDependency */,
			);
			name = BSDSocketWrapperTests;
			productName = BSDSocketWrapperTests;
			productReference = 84421FC1263C204100822ECA /* BSDSocketWrapperTests.xctest */;
			productType = "com.apple.product-type.bundle.unit-test";
		};
		84FD09E42657F92F00C85A0A /* BSDSocketWrapperMac */ = {
			isa = PBXNativeTarget;
			buildConfigurationList = 84FD09EA2657F92F00C85A0A /* Build configuration list for PBXNativeTarget "BSDSocketWrapperMac" */;
			buildPhases = (
				84FD09E02657F92F00C85A0A /* Headers */,
				84FD09E12657F92F00C85A0A /* Sources */,
				84FD09E22657F92F00C85A0A /* Frameworks */,
				84FD09E32657F92F00C85A0A /* Resources */,
			);
			buildRules = (
			);
			dependencies = (
			);
			name = BSDSocketWrapperMac;
			productName = BSDSocketWrapperMac;
			productReference = 84FD09E52657F92F00C85A0A /* BSDSocketWrapperMac.framework */;
			productType = "com.apple.product-type.framework";
		};
/* End PBXNativeTarget section */

/* Begin PBXProject section */
		84421FAF263C204000822ECA /* Project object */ = {
			isa = PBXProject;
			attributes = {
				LastSwiftUpdateCheck = 1240;
				LastUpgradeCheck = 1240;
				TargetAttributes = {
					84421FB7263C204000822ECA = {
						CreatedOnToolsVersion = 12.4;
						LastSwiftMigration = 1240;
					};
					84421FC0263C204100822ECA = {
						CreatedOnToolsVersion = 12.4;
					};
					84FD09E42657F92F00C85A0A = {
						CreatedOnToolsVersion = 12.4;
					};
				};
			};
			buildConfigurationList = 84421FB2263C204000822ECA /* Build configuration list for PBXProject "BSDSocketWrapper" */;
			compatibilityVersion = "Xcode 9.3";
			developmentRegion = en;
			hasScannedForEncodings = 0;
			knownRegions = (
				en,
				Base,
			);
			mainGroup = 84421FAE263C204000822ECA;
			productRefGroup = 84421FB9263C204000822ECA /* Products */;
			projectDirPath = "";
			projectRoot = "";
			targets = (
				84421FB7263C204000822ECA /* BSDSocketWrapper */,
				84421FC0263C204100822ECA /* BSDSocketWrapperTests */,
				84FD09E42657F92F00C85A0A /* BSDSocketWrapperMac */,
			);
		};
/* End PBXProject section */

/* Begin PBXResourcesBuildPhase section */
		84421FB6263C204000822ECA /* Resources */ = {
			isa = PBXResourcesBuildPhase;
			buildActionMask = 2147483647;
			files = (
			);
			runOnlyForDeploymentPostprocessing = 0;
		};
		84421FBF263C204100822ECA /* Resources */ = {
			isa = PBXResourcesBuildPhase;
			buildActionMask = 2147483647;
			files = (
			);
			runOnlyForDeploymentPostprocessing = 0;
		};
		84FD09E32657F92F00C85A0A /* Resources */ = {
			isa = PBXResourcesBuildPhase;
			buildActionMask = 2147483647;
			files = (
			);
			runOnlyForDeploymentPostprocessing = 0;
		};
/* End PBXResourcesBuildPhase section */

/* Begin PBXSourcesBuildPhase section */
		84421FB4263C204000822ECA /* Sources */ = {
			isa = PBXSourcesBuildPhase;
			buildActionMask = 2147483647;
			files = (
				848B2838263D9D0A005D1E35 /* AddressInfo.swift in Sources */,
				8443589B26434A6D009CE861 /* ClientSocket.swift in Sources */,
				8443589726432E3D009CE861 /* ServerSocket.swift in Sources */,
				84213E22264087AE00B6FCB2 /* AddressParameters.swift in Sources */,
				8425999B26415B07005507F4 /* BaseSocket.swift in Sources */,
				847D8EEF264292740082FFF5 /* SocketAddress.swift in Sources */,
				84421FD9263C228600822ECA /* Socket.swift in Sources */,
			);
			runOnlyForDeploymentPostprocessing = 0;
		};
		84421FBD263C204100822ECA /* Sources */ = {
			isa = PBXSourcesBuildPhase;
			buildActionMask = 2147483647;
			files = (
				84421FC7263C204100822ECA /* BSDSocketWrapperTests.swift in Sources */,
			);
			runOnlyForDeploymentPostprocessing = 0;
		};
		84FD09E12657F92F00C85A0A /* Sources */ = {
			isa = PBXSourcesBuildPhase;
			buildActionMask = 2147483647;
			files = (
				84FD09F02657F95600C85A0A /* BaseSocket.swift in Sources */,
				84FD09F32657F95600C85A0A /* SocketAddress.swift in Sources */,
				84FD09F62657F95600C85A0A /* AddressInfo.swift in Sources */,
				84FD09F52657F95600C85A0A /* Socket.swift in Sources */,
				84FD09F22657F95600C85A0A /* AddressParameters.swift in Sources */,
				84FD09F12657F95600C85A0A /* ClientSocket.swift in Sources */,
				84FD09F42657F95600C85A0A /* ServerSocket.swift in Sources */,
			);
			runOnlyForDeploymentPostprocessing = 0;
		};
/* End PBXSourcesBuildPhase section */

/* Begin PBXTargetDependency section */
		84421FC4263C204100822ECA /* PBXTargetDependency */ = {
			isa = PBXTargetDependency;
			target = 84421FB7263C204000822ECA /* BSDSocketWrapper */;
			targetProxy = 84421FC3263C204100822ECA /* PBXContainerItemProxy */;
		};
/* End PBXTargetDependency section */

/* Begin XCBuildConfiguration section */
		84421FCA263C204100822ECA /* Debug */ = {
			isa = XCBuildConfiguration;
			buildSettings = {
				ALWAYS_SEARCH_USER_PATHS = NO;
				CLANG_ANALYZER_NONNULL = YES;
				CLANG_ANALYZER_NUMBER_OBJECT_CONVERSION = YES_AGGRESSIVE;
				CLANG_CXX_LANGUAGE_STANDARD = "gnu++14";
				CLANG_CXX_LIBRARY = "libc++";
				CLANG_ENABLE_MODULES = YES;
				CLANG_ENABLE_OBJC_ARC = YES;
				CLANG_ENABLE_OBJC_WEAK = YES;
				CLANG_WARN_BLOCK_CAPTURE_AUTORELEASING = YES;
				CLANG_WARN_BOOL_CONVERSION = YES;
				CLANG_WARN_COMMA = YES;
				CLANG_WARN_CONSTANT_CONVERSION = YES;
				CLANG_WARN_DEPRECATED_OBJC_IMPLEMENTATIONS = YES;
				CLANG_WARN_DIRECT_OBJC_ISA_USAGE = YES_ERROR;
				CLANG_WARN_DOCUMENTATION_COMMENTS = YES;
				CLANG_WARN_EMPTY_BODY = YES;
				CLANG_WARN_ENUM_CONVERSION = YES;
				CLANG_WARN_INFINITE_RECURSION = YES;
				CLANG_WARN_INT_CONVERSION = YES;
				CLANG_WARN_NON_LITERAL_NULL_CONVERSION = YES;
				CLANG_WARN_OBJC_IMPLICIT_RETAIN_SELF = YES;
				CLANG_WARN_OBJC_LITERAL_CONVERSION = YES;
				CLANG_WARN_OBJC_ROOT_CLASS = YES_ERROR;
				CLANG_WARN_QUOTED_INCLUDE_IN_FRAMEWORK_HEADER = YES;
				CLANG_WARN_RANGE_LOOP_ANALYSIS = YES;
				CLANG_WARN_STRICT_PROTOTYPES = YES;
				CLANG_WARN_SUSPICIOUS_MOVE = YES;
				CLANG_WARN_UNGUARDED_AVAILABILITY = YES_AGGRESSIVE;
				CLANG_WARN_UNREACHABLE_CODE = YES;
				CLANG_WARN__DUPLICATE_METHOD_MATCH = YES;
				COPY_PHASE_STRIP = NO;
				CURRENT_PROJECT_VERSION = 1;
				DEBUG_INFORMATION_FORMAT = dwarf;
				ENABLE_STRICT_OBJC_MSGSEND = YES;
				ENABLE_TESTABILITY = YES;
				GCC_C_LANGUAGE_STANDARD = gnu11;
				GCC_DYNAMIC_NO_PIC = NO;
				GCC_NO_COMMON_BLOCKS = YES;
				GCC_OPTIMIZATION_LEVEL = 0;
				GCC_PREPROCESSOR_DEFINITIONS = (
					"DEBUG=1",
					"$(inherited)",
				);
				GCC_WARN_64_TO_32_BIT_CONVERSION = YES;
				GCC_WARN_ABOUT_RETURN_TYPE = YES_ERROR;
				GCC_WARN_UNDECLARED_SELECTOR = YES;
				GCC_WARN_UNINITIALIZED_AUTOS = YES_AGGRESSIVE;
				GCC_WARN_UNUSED_FUNCTION = YES;
				GCC_WARN_UNUSED_VARIABLE = YES;
				IPHONEOS_DEPLOYMENT_TARGET = 14.4;
				MACOSX_DEPLOYMENT_TARGET = 10.14;
				MTL_ENABLE_DEBUG_INFO = INCLUDE_SOURCE;
				MTL_FAST_MATH = YES;
				ONLY_ACTIVE_ARCH = YES;
				SDKROOT = iphoneos;
				SWIFT_ACTIVE_COMPILATION_CONDITIONS = DEBUG;
				SWIFT_OPTIMIZATION_LEVEL = "-Onone";
				VERSIONING_SYSTEM = "apple-generic";
				VERSION_INFO_PREFIX = "";
			};
			name = Debug;
		};
		84421FCB263C204100822ECA /* Release */ = {
			isa = XCBuildConfiguration;
			buildSettings = {
				ALWAYS_SEARCH_USER_PATHS = NO;
				CLANG_ANALYZER_NONNULL = YES;
				CLANG_ANALYZER_NUMBER_OBJECT_CONVERSION = YES_AGGRESSIVE;
				CLANG_CXX_LANGUAGE_STANDARD = "gnu++14";
				CLANG_CXX_LIBRARY = "libc++";
				CLANG_ENABLE_MODULES = YES;
				CLANG_ENABLE_OBJC_ARC = YES;
				CLANG_ENABLE_OBJC_WEAK = YES;
				CLANG_WARN_BLOCK_CAPTURE_AUTORELEASING = YES;
				CLANG_WARN_BOOL_CONVERSION = YES;
				CLANG_WARN_COMMA = YES;
				CLANG_WARN_CONSTANT_CONVERSION = YES;
				CLANG_WARN_DEPRECATED_OBJC_IMPLEMENTATIONS = YES;
				CLANG_WARN_DIRECT_OBJC_ISA_USAGE = YES_ERROR;
				CLANG_WARN_DOCUMENTATION_COMMENTS = YES;
				CLANG_WARN_EMPTY_BODY = YES;
				CLANG_WARN_ENUM_CONVERSION = YES;
				CLANG_WARN_INFINITE_RECURSION = YES;
				CLANG_WARN_INT_CONVERSION = YES;
				CLANG_WARN_NON_LITERAL_NULL_CONVERSION = YES;
				CLANG_WARN_OBJC_IMPLICIT_RETAIN_SELF = YES;
				CLANG_WARN_OBJC_LITERAL_CONVERSION = YES;
				CLANG_WARN_OBJC_ROOT_CLASS = YES_ERROR;
				CLANG_WARN_QUOTED_INCLUDE_IN_FRAMEWORK_HEADER = YES;
				CLANG_WARN_RANGE_LOOP_ANALYSIS = YES;
				CLANG_WARN_STRICT_PROTOTYPES = YES;
				CLANG_WARN_SUSPICIOUS_MOVE = YES;
				CLANG_WARN_UNGUARDED_AVAILABILITY = YES_AGGRESSIVE;
				CLANG_WARN_UNREACHABLE_CODE = YES;
				CLANG_WARN__DUPLICATE_METHOD_MATCH = YES;
				COPY_PHASE_STRIP = NO;
				CURRENT_PROJECT_VERSION = 1;
				DEBUG_INFORMATION_FORMAT = "dwarf-with-dsym";
				ENABLE_NS_ASSERTIONS = NO;
				ENABLE_STRICT_OBJC_MSGSEND = YES;
				GCC_C_LANGUAGE_STANDARD = gnu11;
				GCC_NO_COMMON_BLOCKS = YES;
				GCC_WARN_64_TO_32_BIT_CONVERSION = YES;
				GCC_WARN_ABOUT_RETURN_TYPE = YES_ERROR;
				GCC_WARN_UNDECLARED_SELECTOR = YES;
				GCC_WARN_UNINITIALIZED_AUTOS = YES_AGGRESSIVE;
				GCC_WARN_UNUSED_FUNCTION = YES;
				GCC_WARN_UNUSED_VARIABLE = YES;
				IPHONEOS_DEPLOYMENT_TARGET = 14.4;
				MACOSX_DEPLOYMENT_TARGET = 10.14;
				MTL_ENABLE_DEBUG_INFO = NO;
				MTL_FAST_MATH = YES;
				SDKROOT = iphoneos;
				SWIFT_COMPILATION_MODE = wholemodule;
				SWIFT_OPTIMIZATION_LEVEL = "-O";
				VALIDATE_PRODUCT = YES;
				VERSIONING_SYSTEM = "apple-generic";
				VERSION_INFO_PREFIX = "";
			};
			name = Release;
		};
		84421FCD263C204100822ECA /* Debug */ = {
			isa = XCBuildConfiguration;
			buildSettings = {
				CLANG_ENABLE_MODULES = YES;
				CODE_SIGN_STYLE = Automatic;
				DEFINES_MODULE = YES;
				DEVELOPMENT_TEAM = 383M7JA9BT;
				DYLIB_COMPATIBILITY_VERSION = 1;
				DYLIB_CURRENT_VERSION = 1;
				DYLIB_INSTALL_NAME_BASE = "@rpath";
				INFOPLIST_FILE = BSDSocketWrapper/Info.plist;
				INSTALL_PATH = "$(LOCAL_LIBRARY_DIR)/Frameworks";
				IPHONEOS_DEPLOYMENT_TARGET = 13.0;
				"IPHONEOS_DEPLOYMENT_TARGET[sdk=macosx*]" = 13.4;
				LD_RUNPATH_SEARCH_PATHS = (
					"$(inherited)",
					"@executable_path/Frameworks",
					"@loader_path/Frameworks",
				);
				PRODUCT_BUNDLE_IDENTIFIER = com.BSDSocketWrapper;
				PRODUCT_NAME = "$(TARGET_NAME:c99extidentifier)";
				SKIP_INSTALL = YES;
				SUPPORTS_MACCATALYST = NO;
				SWIFT_OPTIMIZATION_LEVEL = "-Onone";
				SWIFT_VERSION = 5.0;
				TARGETED_DEVICE_FAMILY = "1,2";
			};
			name = Debug;
		};
		84421FCE263C204100822ECA /* Release */ = {
			isa = XCBuildConfiguration;
			buildSettings = {
				CLANG_ENABLE_MODULES = YES;
				CODE_SIGN_STYLE = Automatic;
				DEFINES_MODULE = YES;
				DEVELOPMENT_TEAM = 383M7JA9BT;
				DYLIB_COMPATIBILITY_VERSION = 1;
				DYLIB_CURRENT_VERSION = 1;
				DYLIB_INSTALL_NAME_BASE = "@rpath";
				INFOPLIST_FILE = BSDSocketWrapper/Info.plist;
				INSTALL_PATH = "$(LOCAL_LIBRARY_DIR)/Frameworks";
				IPHONEOS_DEPLOYMENT_TARGET = 13.0;
				"IPHONEOS_DEPLOYMENT_TARGET[sdk=macosx*]" = 13.4;
				LD_RUNPATH_SEARCH_PATHS = (
					"$(inherited)",
					"@executable_path/Frameworks",
					"@loader_path/Frameworks",
				);
				PRODUCT_BUNDLE_IDENTIFIER = com.BSDSocketWrapper;
				PRODUCT_NAME = "$(TARGET_NAME:c99extidentifier)";
				SKIP_INSTALL = YES;
				SUPPORTS_MACCATALYST = NO;
				SWIFT_VERSION = 5.0;
				TARGETED_DEVICE_FAMILY = "1,2";
			};
			name = Release;
		};
		84421FD0263C204100822ECA /* Debug */ = {
			isa = XCBuildConfiguration;
			buildSettings = {
				ALWAYS_EMBED_SWIFT_STANDARD_LIBRARIES = YES;
				CODE_SIGN_STYLE = Automatic;
				DEVELOPMENT_TEAM = 383M7JA9BT;
				INFOPLIST_FILE = BSDSocketWrapperTests/Info.plist;
				LD_RUNPATH_SEARCH_PATHS = (
					"$(inherited)",
					"@executable_path/Frameworks",
					"@loader_path/Frameworks",
				);
				PRODUCT_BUNDLE_IDENTIFIER = com.BSDSocketWrapperTests;
				PRODUCT_NAME = "$(TARGET_NAME)";
				SWIFT_VERSION = 5.0;
				TARGETED_DEVICE_FAMILY = "1,2";
			};
			name = Debug;
		};
		84421FD1263C204100822ECA /* Release */ = {
			isa = XCBuildConfiguration;
			buildSettings = {
				ALWAYS_EMBED_SWIFT_STANDARD_LIBRARIES = YES;
				CODE_SIGN_STYLE = Automatic;
				DEVELOPMENT_TEAM = 383M7JA9BT;
				INFOPLIST_FILE = BSDSocketWrapperTests/Info.plist;
				LD_RUNPATH_SEARCH_PATHS = (
					"$(inherited)",
					"@executable_path/Frameworks",
					"@loader_path/Frameworks",
				);
				PRODUCT_BUNDLE_IDENTIFIER = com.BSDSocketWrapperTests;
				PRODUCT_NAME = "$(TARGET_NAME)";
				SWIFT_VERSION = 5.0;
				TARGETED_DEVICE_FAMILY = "1,2";
			};
			name = Release;
		};
		84FD09EB2657F92F00C85A0A /* Debug */ = {
			isa = XCBuildConfiguration;
			buildSettings = {
				CODE_SIGN_STYLE = Automatic;
				COMBINE_HIDPI_IMAGES = YES;
				DEFINES_MODULE = YES;
				DEVELOPMENT_TEAM = 383M7JA9BT;
				DYLIB_COMPATIBILITY_VERSION = 1;
				DYLIB_CURRENT_VERSION = 1;
				DYLIB_INSTALL_NAME_BASE = "@rpath";
				INFOPLIST_FILE = BSDSocketWrapperMac/Info.plist;
				INSTALL_PATH = "$(LOCAL_LIBRARY_DIR)/Frameworks";
				LD_RUNPATH_SEARCH_PATHS = (
					"$(inherited)",
					"@executable_path/../Frameworks",
					"@loader_path/Frameworks",
				);
				MACOSX_DEPLOYMENT_TARGET = 10.15;
				PRODUCT_BUNDLE_IDENTIFIER = com.BSDSocketWrapperMac;
				PRODUCT_NAME = "$(TARGET_NAME:c99extidentifier)";
				SDKROOT = macosx;
				SKIP_INSTALL = YES;
				SWIFT_VERSION = 5.0;
			};
			name = Debug;
		};
		84FD09EC2657F92F00C85A0A /* Release */ = {
			isa = XCBuildConfiguration;
			buildSettings = {
				CODE_SIGN_STYLE = Automatic;
				COMBINE_HIDPI_IMAGES = YES;
				DEFINES_MODULE = YES;
				DEVELOPMENT_TEAM = 383M7JA9BT;
				DYLIB_COMPATIBILITY_VERSION = 1;
				DYLIB_CURRENT_VERSION = 1;
				DYLIB_INSTALL_NAME_BASE = "@rpath";
				INFOPLIST_FILE = BSDSocketWrapperMac/Info.plist;
				INSTALL_PATH = "$(LOCAL_LIBRARY_DIR)/Frameworks";
				LD_RUNPATH_SEARCH_PATHS = (
					"$(inherited)",
					"@executable_path/../Frameworks",
					"@loader_path/Frameworks",
				);
				MACOSX_DEPLOYMENT_TARGET = 10.15;
				PRODUCT_BUNDLE_IDENTIFIER = com.BSDSocketWrapperMac;
				PRODUCT_NAME = "$(TARGET_NAME:c99extidentifier)";
				SDKROOT = macosx;
				SKIP_INSTALL = YES;
				SWIFT_VERSION = 5.0;
			};
			name = Release;
		};
/* End XCBuildConfiguration section */

/* Begin XCConfigurationList section */
		84421FB2263C204000822ECA /* Build configuration list for PBXProject "BSDSocketWrapper" */ = {
			isa = XCConfigurationList;
			buildConfigurations = (
				84421FCA263C204100822ECA /* Debug */,
				84421FCB263C204100822ECA /* Release */,
			);
			defaultConfigurationIsVisible = 0;
			defaultConfigurationName = Release;
		};
		84421FCC263C204100822ECA /* Build configuration list for PBXNativeTarget "BSDSocketWrapper" */ = {
			isa = XCConfigurationList;
			buildConfigurations = (
				84421FCD263C204100822ECA /* Debug */,
				84421FCE263C204100822ECA /* Release */,
			);
			defaultConfigurationIsVisible = 0;
			defaultConfigurationName = Release;
		};
		84421FCF263C204100822ECA /* Build configuration list for PBXNativeTarget "BSDSocketWrapperTests" */ = {
			isa = XCConfigurationList;
			buildConfigurations = (
				84421FD0263C204100822ECA /* Debug */,
				84421FD1263C204100822ECA /* Release */,
			);
			defaultConfigurationIsVisible = 0;
			defaultConfigurationName = Release;
		};
		84FD09EA2657F92F00C85A0A /* Build configuration list for PBXNativeTarget "BSDSocketWrapperMac" */ = {
			isa = XCConfigurationList;
			buildConfigurations = (
				84FD09EB2657F92F00C85A0A /* Debug */,
				84FD09EC2657F92F00C85A0A /* Release */,
			);
			defaultConfigurationIsVisible = 0;
			defaultConfigurationName = Release;
		};
/* End XCConfigurationList section */
	};
	rootObject = 84421FAF263C204000822ECA /* Project object */;
}
